
Microsoft Visual Studio Solution File, Format Version 12.00
# Visual Studio Version 17
VisualStudioVersion = 17.2.32408.312
MinimumVisualStudioVersion = 10.0.40219.1
Project("{8BC9CEB8-8B4A-11D0-8D11-00A0C91BC942}") = "type_practice", "type_practice\type_practice.vcxproj", "{7BC6A6D9-4057-47FA-9477-33C94E59BB33}"
EndProject
Global
	GlobalSection(SolutionConfigurationPlatforms) = preSolution
		Debug|x64 = Debug|x64
		Debug|x86 = Debug|x86
		Release|x64 = Release|x64
		Release|x86 = Release|x86
	EndGlobalSection
	GlobalSection(ProjectConfigurationPlatforms) = postSolution
		{7BC6A6D9-4057-47FA-9477-33C94E59BB33}.Debug|x64.ActiveCfg = Debug|x64
		{7BC6A6D9-4057-47FA-9477-33C94E59BB33}.Debug|x64.Build.0 = Debug|x64
		{7BC6A6D9-4057-47FA-9477-33C94E59BB33}.Debug|x86.ActiveCfg = Debug|Win32
		{7BC6A6D9-4057-47FA-9477-33C94E59BB33}.Debug|x86.Build.0 = Debug|Win32
		{7BC6A6D9-4057-47FA-9477-33C94E59BB33}.Release|x64.ActiveCfg = Release|x64
		{7BC6A6D9-4057-47FA-9477-33C94E59BB33}.Release|x64.Build.0 = Release|x64
		{7BC6A6D9-4057-47FA-9477-33C94E59BB33}.Release|x86.ActiveCfg = Release|Win32
		{7BC6A6D9-4057-47FA-9477-33C94E59BB33}.Release|x86.Build.0 = Release|Win32
	EndGlobalSection
	GlobalSection(SolutionProperties) = preSolution
		HideSolutionNode = FALSE
	EndGlobalSection
	GlobalSection(ExtensibilityGlobals) = postSolution
		SolutionGuid = {B59DC0F7-E255-4D08-8711-6AAAC075718E}
	EndGlobalSection
EndGlobal
